
Microsoft Visual Studio Solution File, Format Version 12.00
# Visual Studio 15
VisualStudioVersion = 15.0.26403.0
MinimumVisualStudioVersion = 10.0.40219.1
Project("{FAE04EC0-301F-11D3-BF4B-00C04F79EFBC}") = "Adjutant.GitHub", "Adjutant.GitHub\Adjutant.GitHub.csproj", "{98268652-7E23-4BEA-BA71-6E5EAB6D63D7}"
EndProject
Project("{FAE04EC0-301F-11D3-BF4B-00C04F79EFBC}") = "Adjutant.GitHub.Tests", "Adjutant.GitHub.Tests\Adjutant.GitHub.Tests.csproj", "{9358856C-D078-4908-8B6E-3E6E3482E70D}"
EndProject
Project("{FAE04EC0-301F-11D3-BF4B-00C04F79EFBC}") = "Adjutant.Bot.Skype.Tests", "Adjutant.Bot.Skype.Tests\Adjutant.Bot.Skype.Tests.csproj", "{4750D854-A956-4CCE-B230-AB31FEBFEB81}"
EndProject
Project("{FAE04EC0-301F-11D3-BF4B-00C04F79EFBC}") = "Adjutant.Bot.Skype", "Adjutant.Bot.Skype\Adjutant.Bot.Skype.csproj", "{A8BA1066-5695-4D71-ABB4-65E5A5E0C3D4}"
EndProject
Project("{FAE04EC0-301F-11D3-BF4B-00C04F79EFBC}") = "Adjutant.Api", "Adjutant.Api\Adjutant.Api.csproj", "{2DFCCFB0-7988-4AA0-AC6A-41BDB8CCF8D3}"
EndProject
Project("{FAE04EC0-301F-11D3-BF4B-00C04F79EFBC}") = "Adjutant.Api.Tests", "Adjutant.Api.Tests\Adjutant.Api.Tests.csproj", "{7E3914D8-CBEA-4264-B563-3966C6B672AB}"
EndProject
Project("{FAE04EC0-301F-11D3-BF4B-00C04F79EFBC}") = "Adjutant.Api.Repositories", "Adjutant.Api.Repositories\Adjutant.Api.Repositories.csproj", "{413B4FF2-5AF0-4C83-A112-E5420693EF4E}"
EndProject
Project("{FAE04EC0-301F-11D3-BF4B-00C04F79EFBC}") = "Adjutant.Api.Repositories.Tests", "Adjutant.Api.Repositories.Tests\Adjutant.Api.Repositories.Tests.csproj", "{5AF87AC2-AF8D-454E-BC27-691F85894076}"
EndProject
Global
	GlobalSection(SolutionConfigurationPlatforms) = preSolution
		Debug|Any CPU = Debug|Any CPU
		Release|Any CPU = Release|Any CPU
	EndGlobalSection
	GlobalSection(ProjectConfigurationPlatforms) = postSolution
		{98268652-7E23-4BEA-BA71-6E5EAB6D63D7}.Debug|Any CPU.ActiveCfg = Debug|Any CPU
		{98268652-7E23-4BEA-BA71-6E5EAB6D63D7}.Debug|Any CPU.Build.0 = Debug|Any CPU
		{98268652-7E23-4BEA-BA71-6E5EAB6D63D7}.Release|Any CPU.ActiveCfg = Release|Any CPU
		{98268652-7E23-4BEA-BA71-6E5EAB6D63D7}.Release|Any CPU.Build.0 = Release|Any CPU
		{9358856C-D078-4908-8B6E-3E6E3482E70D}.Debug|Any CPU.ActiveCfg = Debug|Any CPU
		{9358856C-D078-4908-8B6E-3E6E3482E70D}.Debug|Any CPU.Build.0 = Debug|Any CPU
		{9358856C-D078-4908-8B6E-3E6E3482E70D}.Release|Any CPU.ActiveCfg = Release|Any CPU
		{9358856C-D078-4908-8B6E-3E6E3482E70D}.Release|Any CPU.Build.0 = Release|Any CPU
		{4750D854-A956-4CCE-B230-AB31FEBFEB81}.Debug|Any CPU.ActiveCfg = Debug|Any CPU
		{4750D854-A956-4CCE-B230-AB31FEBFEB81}.Debug|Any CPU.Build.0 = Debug|Any CPU
		{4750D854-A956-4CCE-B230-AB31FEBFEB81}.Release|Any CPU.ActiveCfg = Release|Any CPU
		{4750D854-A956-4CCE-B230-AB31FEBFEB81}.Release|Any CPU.Build.0 = Release|Any CPU
		{A8BA1066-5695-4D71-ABB4-65E5A5E0C3D4}.Debug|Any CPU.ActiveCfg = Debug|Any CPU
		{A8BA1066-5695-4D71-ABB4-65E5A5E0C3D4}.Debug|Any CPU.Build.0 = Debug|Any CPU
		{A8BA1066-5695-4D71-ABB4-65E5A5E0C3D4}.Release|Any CPU.ActiveCfg = Release|Any CPU
		{A8BA1066-5695-4D71-ABB4-65E5A5E0C3D4}.Release|Any CPU.Build.0 = Release|Any CPU
		{2DFCCFB0-7988-4AA0-AC6A-41BDB8CCF8D3}.Debug|Any CPU.ActiveCfg = Debug|Any CPU
		{2DFCCFB0-7988-4AA0-AC6A-41BDB8CCF8D3}.Debug|Any CPU.Build.0 = Debug|Any CPU
		{2DFCCFB0-7988-4AA0-AC6A-41BDB8CCF8D3}.Release|Any CPU.ActiveCfg = Release|Any CPU
		{2DFCCFB0-7988-4AA0-AC6A-41BDB8CCF8D3}.Release|Any CPU.Build.0 = Release|Any CPU
		{7E3914D8-CBEA-4264-B563-3966C6B672AB}.Debug|Any CPU.ActiveCfg = Debug|Any CPU
		{7E3914D8-CBEA-4264-B563-3966C6B672AB}.Debug|Any CPU.Build.0 = Debug|Any CPU
		{7E3914D8-CBEA-4264-B563-3966C6B672AB}.Release|Any CPU.ActiveCfg = Release|Any CPU
		{7E3914D8-CBEA-4264-B563-3966C6B672AB}.Release|Any CPU.Build.0 = Release|Any CPU
		{413B4FF2-5AF0-4C83-A112-E5420693EF4E}.Debug|Any CPU.ActiveCfg = Debug|Any CPU
		{413B4FF2-5AF0-4C83-A112-E5420693EF4E}.Debug|Any CPU.Build.0 = Debug|Any CPU
		{413B4FF2-5AF0-4C83-A112-E5420693EF4E}.Release|Any CPU.ActiveCfg = Release|Any CPU
		{413B4FF2-5AF0-4C83-A112-E5420693EF4E}.Release|Any CPU.Build.0 = Release|Any CPU
		{5AF87AC2-AF8D-454E-BC27-691F85894076}.Debug|Any CPU.ActiveCfg = Debug|Any CPU
		{5AF87AC2-AF8D-454E-BC27-691F85894076}.Debug|Any CPU.Build.0 = Debug|Any CPU
		{5AF87AC2-AF8D-454E-BC27-691F85894076}.Release|Any CPU.ActiveCfg = Release|Any CPU
		{5AF87AC2-AF8D-454E-BC27-691F85894076}.Release|Any CPU.Build.0 = Release|Any CPU
	EndGlobalSection
	GlobalSection(SolutionProperties) = preSolution
		HideSolutionNode = FALSE
	EndGlobalSection
EndGlobal
